
Microsoft Visual Studio Solution File, Format Version 12.00
# Visual Studio 15
VisualStudioVersion = 15.0.27703.2026
MinimumVisualStudioVersion = 10.0.40219.1
Project("{FAE04EC0-301F-11D3-BF4B-00C04F79EFBC}") = "RTSPServerCreate", "RTSPServerCreate\RTSPServerCreate.csproj", "{CB11EACA-A811-42E0-9745-519B891A8E85}"
	ProjectSection(ProjectDependencies) = postProject
		{FE980F3F-30CB-44D6-BCE4-462C12038440} = {FE980F3F-30CB-44D6-BCE4-462C12038440}
		{A3D7936C-ACD5-458D-B1A4-96CEE18DC175} = {A3D7936C-ACD5-458D-B1A4-96CEE18DC175}
		{CBE0C273-FB54-46E5-9A28-21C325A85D15} = {CBE0C273-FB54-46E5-9A28-21C325A85D15}
		{03504A7F-63C9-481E-8FC4-AF0EAF7FB912} = {03504A7F-63C9-481E-8FC4-AF0EAF7FB912}
		{50484884-D642-4C02-90FE-CB6B41342DEB} = {50484884-D642-4C02-90FE-CB6B41342DEB}
		{C64CDAED-C863-454D-BFA6-95685868D054} = {C64CDAED-C863-454D-BFA6-95685868D054}
		{F700EBEE-B744-4A60-807D-22DCE582C8A4} = {F700EBEE-B744-4A60-807D-22DCE582C8A4}
		{FA1CBAF1-50D9-4AF8-A4F4-B2101DB9C878} = {FA1CBAF1-50D9-4AF8-A4F4-B2101DB9C878}
	EndProjectSection
EndProject
Project("{FAE04EC0-301F-11D3-BF4B-00C04F79EFBC}") = "Media.Container", "RTSPServerCreate\Libraries\Containers\Media.Container.csproj", "{FE980F3F-30CB-44D6-BCE4-462C12038440}"
EndProject
Project("{FAE04EC0-301F-11D3-BF4B-00C04F79EFBC}") = "Media.Common", "RTSPServerCreate\Libraries\Common\Media.Common.csproj", "{C64CDAED-C863-454D-BFA6-95685868D054}"
EndProject
Project("{FAE04EC0-301F-11D3-BF4B-00C04F79EFBC}") = "Media.Sdp", "RTSPServerCreate\Libraries\Sdp\Media.Sdp.csproj", "{CBE0C273-FB54-46E5-9A28-21C325A85D15}"
EndProject
Project("{FAE04EC0-301F-11D3-BF4B-00C04F79EFBC}") = "Media.Ntp", "RTSPServerCreate\Libraries\Ntp\Media.Ntp.csproj", "{FA1CBAF1-50D9-4AF8-A4F4-B2101DB9C878}"
EndProject
Project("{FAE04EC0-301F-11D3-BF4B-00C04F79EFBC}") = "Media.Containers.Riff", "RTSPServerCreate\Libraries\Containers\Riff\Media.Containers.Riff.csproj", "{BEAA546E-6C3D-47F4-85D9-6BB598B5D8B8}"
EndProject
Project("{FAE04EC0-301F-11D3-BF4B-00C04F79EFBC}") = "Media.Containers.Asf", "RTSPServerCreate\Libraries\Containers\Asf\Media.Containers.Asf.csproj", "{AA92D188-646F-47FE-8FFF-BD0B9CA720A0}"
EndProject
Project("{FAE04EC0-301F-11D3-BF4B-00C04F79EFBC}") = "Media.Containers.Gxf", "RTSPServerCreate\Libraries\Containers\Gxf\Media.Containers.Gxf.csproj", "{E51E5CE2-7EBE-4E60-936E-DF5B63C63699}"
EndProject
Project("{FAE04EC0-301F-11D3-BF4B-00C04F79EFBC}") = "Media.Containers.Matroska", "RTSPServerCreate\Libraries\Containers\Matroska\Media.Containers.Matroska.csproj", "{74A5112F-9638-4AD0-973D-60E558ECB93A}"
EndProject
Project("{FAE04EC0-301F-11D3-BF4B-00C04F79EFBC}") = "Media.Containers.Mcf", "RTSPServerCreate\Libraries\Containers\Mcf\Media.Containers.Mcf.csproj", "{1561DE7A-8ED5-4BB0-9951-E7D807581C72}"
EndProject
Project("{FAE04EC0-301F-11D3-BF4B-00C04F79EFBC}") = "Media.Containers.Mpeg", "RTSPServerCreate\Libraries\Containers\Mpeg\Media.Containers.Mpeg.csproj", "{50484884-D642-4C02-90FE-CB6B41342DEB}"
EndProject
Project("{FAE04EC0-301F-11D3-BF4B-00C04F79EFBC}") = "Media.Containers.Mxf", "RTSPServerCreate\Libraries\Containers\Mxf\Media.Containers.Mxf.csproj", "{6E068DAE-2A49-497D-BD67-ADF92730156E}"
EndProject
Project("{FAE04EC0-301F-11D3-BF4B-00C04F79EFBC}") = "Media.Containers.Nut", "RTSPServerCreate\Libraries\Containers\Nut\Media.Containers.Nut.csproj", "{A799B0E7-6D05-46B4-B276-9B12F73596B7}"
EndProject
Project("{FAE04EC0-301F-11D3-BF4B-00C04F79EFBC}") = "Media.Containers.Ogg", "RTSPServerCreate\Libraries\Containers\Ogg\Media.Containers.Ogg.csproj", "{20228080-72CF-4BAD-B3CC-7DB267643175}"
EndProject
Project("{FAE04EC0-301F-11D3-BF4B-00C04F79EFBC}") = "Media.Containers.Real", "RTSPServerCreate\Libraries\Containers\Real\Media.Containers.Real.csproj", "{B45A4B28-CD7E-4B09-9B33-D447A63626E7}"
	ProjectSection(ProjectDependencies) = postProject
		{1F7A8313-912F-4C5B-B284-D46D8E2F50D2} = {1F7A8313-912F-4C5B-B284-D46D8E2F50D2}
		{69B3B221-7989-4E14-B6B1-5B5FB7286A85} = {69B3B221-7989-4E14-B6B1-5B5FB7286A85}
		{7C182E2C-BDA8-46EC-9DC8-8B25E1DA6861} = {7C182E2C-BDA8-46EC-9DC8-8B25E1DA6861}
		{74A5112F-9638-4AD0-973D-60E558ECB93A} = {74A5112F-9638-4AD0-973D-60E558ECB93A}
		{E706F847-F7ED-41FA-9E18-042A738D5DFA} = {E706F847-F7ED-41FA-9E18-042A738D5DFA}
		{19BD7555-AA72-4D43-AB7A-88B2165F0508} = {19BD7555-AA72-4D43-AB7A-88B2165F0508}
		{A3D7936C-ACD5-458D-B1A4-96CEE18DC175} = {A3D7936C-ACD5-458D-B1A4-96CEE18DC175}
		{BEAA546E-6C3D-47F4-85D9-6BB598B5D8B8} = {BEAA546E-6C3D-47F4-85D9-6BB598B5D8B8}
		{80982B6F-EBBC-4DD5-BCEE-C3BFB6F6D498} = {80982B6F-EBBC-4DD5-BCEE-C3BFB6F6D498}
		{1561DE7A-8ED5-4BB0-9951-E7D807581C72} = {1561DE7A-8ED5-4BB0-9951-E7D807581C72}
		{03504A7F-63C9-481E-8FC4-AF0EAF7FB912} = {03504A7F-63C9-481E-8FC4-AF0EAF7FB912}
		{20228080-72CF-4BAD-B3CC-7DB267643175} = {20228080-72CF-4BAD-B3CC-7DB267643175}
		{50484884-D642-4C02-90FE-CB6B41342DEB} = {50484884-D642-4C02-90FE-CB6B41342DEB}
		{AA92D188-646F-47FE-8FFF-BD0B9CA720A0} = {AA92D188-646F-47FE-8FFF-BD0B9CA720A0}
		{6E068DAE-2A49-497D-BD67-ADF92730156E} = {6E068DAE-2A49-497D-BD67-ADF92730156E}
		{C2628DB8-9D97-4655-B861-605A9E9FA6D7} = {C2628DB8-9D97-4655-B861-605A9E9FA6D7}
		{D087A5BA-0E1B-44C2-A739-AD8153EDC8C4} = {D087A5BA-0E1B-44C2-A739-AD8153EDC8C4}
		{E4E9CABF-6C3D-49F3-B081-ABC557311695} = {E4E9CABF-6C3D-49F3-B081-ABC557311695}
		{49562BD8-E15A-4893-842D-E3865D87F94D} = {49562BD8-E15A-4893-842D-E3865D87F94D}
		{A12D2EDA-C1BA-4D4E-8E7D-38F8048BC161} = {A12D2EDA-C1BA-4D4E-8E7D-38F8048BC161}
		{E51E5CE2-7EBE-4E60-936E-DF5B63C63699} = {E51E5CE2-7EBE-4E60-936E-DF5B63C63699}
		{C0DC5DE4-57E1-4417-A149-D5FFCA08EFD8} = {C0DC5DE4-57E1-4417-A149-D5FFCA08EFD8}
		{A799B0E7-6D05-46B4-B276-9B12F73596B7} = {A799B0E7-6D05-46B4-B276-9B12F73596B7}
		{F700EBEE-B744-4A60-807D-22DCE582C8A4} = {F700EBEE-B744-4A60-807D-22DCE582C8A4}
		{FA1CBAF1-50D9-4AF8-A4F4-B2101DB9C878} = {FA1CBAF1-50D9-4AF8-A4F4-B2101DB9C878}
		{B389B0F4-C788-436E-A108-D01F38FCB3ED} = {B389B0F4-C788-436E-A108-D01F38FCB3ED}
		{4305DDF6-3C8B-4FE6-8DE9-3E81C5D9126A} = {4305DDF6-3C8B-4FE6-8DE9-3E81C5D9126A}
	EndProjectSection
EndProject
Project("{2150E333-8FDC-42A3-9474-1A3956D46DE8}") = "Libraries", "Libraries", "{8CABC93E-D687-4643-A0A3-1656F94270D2}"
EndProject
Project("{FAE04EC0-301F-11D3-BF4B-00C04F79EFBC}") = "Media.Codec", "RTSPServerCreate\Libraries\Codecs\Media.Codec.csproj", "{A3D7936C-ACD5-458D-B1A4-96CEE18DC175}"
	ProjectSection(ProjectDependencies) = postProject
		{FE980F3F-30CB-44D6-BCE4-462C12038440} = {FE980F3F-30CB-44D6-BCE4-462C12038440}
		{03504A7F-63C9-481E-8FC4-AF0EAF7FB912} = {03504A7F-63C9-481E-8FC4-AF0EAF7FB912}
	EndProjectSection
EndProject
Project("{FAE04EC0-301F-11D3-BF4B-00C04F79EFBC}") = "Media.Codecs.Audio.Aac", "RTSPServerCreate\Libraries\Codecs\Audio\Aac\Media.Codecs.Audio.Aac.csproj", "{D087A5BA-0E1B-44C2-A739-AD8153EDC8C4}"
EndProject
Project("{FAE04EC0-301F-11D3-BF4B-00C04F79EFBC}") = "Media.Codecs.Audio.Ac3", "RTSPServerCreate\Libraries\Codecs\Audio\AC3\Media.Codecs.Audio.Ac3.csproj", "{C2628DB8-9D97-4655-B861-605A9E9FA6D7}"
EndProject
Project("{FAE04EC0-301F-11D3-BF4B-00C04F79EFBC}") = "Media.Codecs.Audio.Alaw", "RTSPServerCreate\Libraries\Codecs\Audio\Alaw\Media.Codecs.Audio.Alaw.csproj", "{69B3B221-7989-4E14-B6B1-5B5FB7286A85}"
EndProject
Project("{FAE04EC0-301F-11D3-BF4B-00C04F79EFBC}") = "Media.Codecs.Audio.Flac", "RTSPServerCreate\Libraries\Codecs\Audio\Flac\Media.Codecs.Audio.Flac.csproj", "{C0DC5DE4-57E1-4417-A149-D5FFCA08EFD8}"
EndProject
Project("{FAE04EC0-301F-11D3-BF4B-00C04F79EFBC}") = "Media.Codecs.Audio.G722", "RTSPServerCreate\Libraries\Codecs\Audio\G722\Media.Codecs.Audio.G722.csproj", "{19BD7555-AA72-4D43-AB7A-88B2165F0508}"
EndProject
Project("{FAE04EC0-301F-11D3-BF4B-00C04F79EFBC}") = "Media.Codecs.Audio.Mp3", "RTSPServerCreate\Libraries\Codecs\Audio\Mp3\Media.Codecs.Audio.Mp3.csproj", "{4305DDF6-3C8B-4FE6-8DE9-3E81C5D9126A}"
EndProject
Project("{FAE04EC0-301F-11D3-BF4B-00C04F79EFBC}") = "Media.Codecs.Audio.MuLaw", "RTSPServerCreate\Libraries\Codecs\Audio\Mulaw\Media.Codecs.Audio.MuLaw.csproj", "{1F7A8313-912F-4C5B-B284-D46D8E2F50D2}"
EndProject
Project("{FAE04EC0-301F-11D3-BF4B-00C04F79EFBC}") = "Media.Codecs.Audio.Vorbis", "RTSPServerCreate\Libraries\Codecs\Audio\Vorbis\Media.Codecs.Audio.Vorbis.csproj", "{80982B6F-EBBC-4DD5-BCEE-C3BFB6F6D498}"
EndProject
Project("{FAE04EC0-301F-11D3-BF4B-00C04F79EFBC}") = "Media.Codecs.Audio", "RTSPServerCreate\Libraries\Codecs\Audio\Media.Codecs.Audio.csproj", "{E4E9CABF-6C3D-49F3-B081-ABC557311695}"
EndProject
Project("{FAE04EC0-301F-11D3-BF4B-00C04F79EFBC}") = "Media.Compression", "RTSPServerCreate\Libraries\Compression\Media.Compression.csproj", "{03504A7F-63C9-481E-8FC4-AF0EAF7FB912}"
EndProject
Project("{FAE04EC0-301F-11D3-BF4B-00C04F79EFBC}") = "Media.Codecs.Image.Bmp", "RTSPServerCreate\Libraries\Codecs\Image\Bmp\Media.Codecs.Image.Bmp.csproj", "{7C182E2C-BDA8-46EC-9DC8-8B25E1DA6861}"
EndProject
Project("{FAE04EC0-301F-11D3-BF4B-00C04F79EFBC}") = "Media.Codecs.Image.Gif", "RTSPServerCreate\Libraries\Codecs\Image\Gif\Media.Codecs.Image.Gif.csproj", "{49562BD8-E15A-4893-842D-E3865D87F94D}"
EndProject
Project("{FAE04EC0-301F-11D3-BF4B-00C04F79EFBC}") = "Media.Codecs.Image.Jpeg", "RTSPServerCreate\Libraries\Codecs\Image\Jpeg\Media.Codecs.Image.Jpeg.csproj", "{A12D2EDA-C1BA-4D4E-8E7D-38F8048BC161}"
EndProject
Project("{FAE04EC0-301F-11D3-BF4B-00C04F79EFBC}") = "Media.Codecs.Image.Png", "RTSPServerCreate\Libraries\Codecs\Image\Png\Media.Codecs.Image.Png.csproj", "{E706F847-F7ED-41FA-9E18-042A738D5DFA}"
EndProject
Project("{FAE04EC0-301F-11D3-BF4B-00C04F79EFBC}") = "Media.Codecs.Image", "RTSPServerCreate\Libraries\Codecs\Image\Media.Codecs.Image.csproj", "{F700EBEE-B744-4A60-807D-22DCE582C8A4}"
EndProject
Project("{FAE04EC0-301F-11D3-BF4B-00C04F79EFBC}") = "Media.Containers.BaseMedia", "RTSPServerCreate\Libraries\Containers\BaseMedia\Media.Containers.BaseMedia.csproj", "{B389B0F4-C788-436E-A108-D01F38FCB3ED}"
EndProject
Project("{FAE04EC0-301F-11D3-BF4B-00C04F79EFBC}") = "Media.RtspServer", "RTSPServerCreate\Libraries\RtspServer\Media.RtspServer.csproj", "{905DEFFB-6DBC-4CF0-BED9-BB96AEA0193F}"
EndProject
Project("{FAE04EC0-301F-11D3-BF4B-00C04F79EFBC}") = "Media.Rtsp", "RTSPServerCreate\Libraries\Rtsp\Media.Rtsp.csproj", "{2DC7FD7B-2497-480B-A927-17F4846E5C74}"
EndProject
Project("{FAE04EC0-301F-11D3-BF4B-00C04F79EFBC}") = "Media.RtpTools", "RTSPServerCreate\Libraries\RtpTools\Media.RtpTools.csproj", "{05019B1D-58B3-44A4-8EF4-50A3FE740746}"
EndProject
Project("{FAE04EC0-301F-11D3-BF4B-00C04F79EFBC}") = "Media.Rtp", "RTSPServerCreate\Libraries\Rtp\Media.Rtp.csproj", "{FD0101F4-1D22-434C-8025-42CAC8176C75}"
EndProject
Project("{FAE04EC0-301F-11D3-BF4B-00C04F79EFBC}") = "Media.Rtmp", "RTSPServerCreate\Libraries\Rtmp\Media.Rtmp.csproj", "{CE4FF4BF-1C21-440A-BD39-25B809803E71}"
EndProject
Project("{FAE04EC0-301F-11D3-BF4B-00C04F79EFBC}") = "Media.Http", "RTSPServerCreate\Libraries\Http\Media.Http.csproj", "{DBDBFEF3-A51C-4423-B2D6-AA9D014BDB9E}"
EndProject
Project("{FAE04EC0-301F-11D3-BF4B-00C04F79EFBC}") = "Media.Cryptography", "RTSPServerCreate\Libraries\Cryptography\Media.Cryptography.csproj", "{818BD18E-F1FE-45E3-96D4-984E76FEC84D}"
EndProject
Project("{FAE04EC0-301F-11D3-BF4B-00C04F79EFBC}") = "Media.Rtcp.Feedback", "RTSPServerCreate\Libraries\RtcpFeedback\Media.Rtcp.Feedback.csproj", "{955CC3DC-0212-44A0-BDBF-72E3ED0EE286}"
EndProject
Project("{FAE04EC0-301F-11D3-BF4B-00C04F79EFBC}") = "Media.Sip", "RTSPServerCreate\Libraries\Sip\Media.Sip.csproj", "{945C2E90-19B2-4629-828D-A5BB6D3215E2}"
EndProject
Project("{FAE04EC0-301F-11D3-BF4B-00C04F79EFBC}") = "Media.Codecs.Video", "RTSPServerCreate\Libraries\Codecs\Video\Media.Codecs.Video.csproj", "{FA14B24B-144D-43C1-A44E-8B7B5E849C55}"
EndProject
Project("{FAE04EC0-301F-11D3-BF4B-00C04F79EFBC}") = "Media.Codecs.Video.H261", "RTSPServerCreate\Libraries\Codecs\Video\H261\Media.Codecs.Video.H261.csproj", "{2122A2D0-6CB5-42C0-91DD-B5F627FC5E82}"
EndProject
Project("{FAE04EC0-301F-11D3-BF4B-00C04F79EFBC}") = "Media.Codecs.Video.H263", "RTSPServerCreate\Libraries\Codecs\Video\H263\Media.Codecs.Video.H263.csproj", "{B2968620-3159-4978-952F-6F138F97A89A}"
EndProject
Project("{FAE04EC0-301F-11D3-BF4B-00C04F79EFBC}") = "Media.Codecs.Video.H264", "RTSPServerCreate\Libraries\Codecs\Video\H264\Media.Codecs.Video.H264.csproj", "{FF0EE03E-0A02-40F1-8064-D055EF41F949}"
EndProject
Project("{FAE04EC0-301F-11D3-BF4B-00C04F79EFBC}") = "Media.Codecs.Video.H265", "RTSPServerCreate\Libraries\Codecs\Video\H265\Media.Codecs.Video.H265.csproj", "{35D3D13E-6AC5-4632-80B3-985FA37E5AAE}"
EndProject
Project("{FAE04EC0-301F-11D3-BF4B-00C04F79EFBC}") = "Media.Codecs.Video.Mpeg", "RTSPServerCreate\Libraries\Codecs\Video\Mpeg\Media.Codecs.Video.Mpeg.csproj", "{667CDE0B-0AE3-4DF5-9D81-D91EF0BDCEDA}"
EndProject
Project("{FAE04EC0-301F-11D3-BF4B-00C04F79EFBC}") = "Media.Codecs.Video.Mpeg2", "RTSPServerCreate\Libraries\Codecs\Video\Mpeg2\Media.Codecs.Video.Mpeg2.csproj", "{E923E5F2-0F50-432B-A463-EA36EFEA3B8A}"
EndProject
Project("{FAE04EC0-301F-11D3-BF4B-00C04F79EFBC}") = "Media.Codecs.Video.Mpeg4", "RTSPServerCreate\Libraries\Codecs\Video\Mpeg4\Media.Codecs.Video.Mpeg4.csproj", "{6E191592-ACC7-4444-A7E3-88258C8709FE}"
EndProject
Project("{FAE04EC0-301F-11D3-BF4B-00C04F79EFBC}") = "Media.Codecs.Video.Thor", "RTSPServerCreate\Libraries\Codecs\Video\Thor\Media.Codecs.Video.Thor.csproj", "{664025B0-6DD0-4F1A-979A-B87746698F84}"
EndProject
Project("{FAE04EC0-301F-11D3-BF4B-00C04F79EFBC}") = "Media.Codecs.Video.Vp8", "RTSPServerCreate\Libraries\Codecs\Video\Vp8\Media.Codecs.Video.Vp8.csproj", "{B1B5FEAE-53F4-47C5-80D6-7D9BEBF32F84}"
EndProject
Project("{FAE04EC0-301F-11D3-BF4B-00C04F79EFBC}") = "Media.Codecs.Video.Vp9", "RTSPServerCreate\Libraries\Codecs\Video\VP9\Media.Codecs.Video.Vp9.csproj", "{D07D22EA-BDB9-42C6-9996-D64CC9C1CC0B}"
EndProject
Global
	GlobalSection(SolutionConfigurationPlatforms) = preSolution
		Debug|Any CPU = Debug|Any CPU
		Release|Any CPU = Release|Any CPU
		x64_Release|Any CPU = x64_Release|Any CPU
	EndGlobalSection
	GlobalSection(ProjectConfigurationPlatforms) = postSolution
		{CB11EACA-A811-42E0-9745-519B891A8E85}.Debug|Any CPU.ActiveCfg = Debug|Any CPU
		{CB11EACA-A811-42E0-9745-519B891A8E85}.Debug|Any CPU.Build.0 = Debug|Any CPU
		{CB11EACA-A811-42E0-9745-519B891A8E85}.Release|Any CPU.ActiveCfg = Debug|Any CPU
		{CB11EACA-A811-42E0-9745-519B891A8E85}.Release|Any CPU.Build.0 = Debug|Any CPU
		{CB11EACA-A811-42E0-9745-519B891A8E85}.x64_Release|Any CPU.ActiveCfg = Debug|Any CPU
		{CB11EACA-A811-42E0-9745-519B891A8E85}.x64_Release|Any CPU.Build.0 = Debug|Any CPU
		{FE980F3F-30CB-44D6-BCE4-462C12038440}.Debug|Any CPU.ActiveCfg = Debug|Any CPU
		{FE980F3F-30CB-44D6-BCE4-462C12038440}.Debug|Any CPU.Build.0 = Debug|Any CPU
		{FE980F3F-30CB-44D6-BCE4-462C12038440}.Release|Any CPU.ActiveCfg = Debug|Any CPU
		{FE980F3F-30CB-44D6-BCE4-462C12038440}.Release|Any CPU.Build.0 = Debug|Any CPU
		{FE980F3F-30CB-44D6-BCE4-462C12038440}.x64_Release|Any CPU.ActiveCfg = Debug|Any CPU
		{FE980F3F-30CB-44D6-BCE4-462C12038440}.x64_Release|Any CPU.Build.0 = Debug|Any CPU
		{C64CDAED-C863-454D-BFA6-95685868D054}.Debug|Any CPU.ActiveCfg = Debug|Any CPU
		{C64CDAED-C863-454D-BFA6-95685868D054}.Debug|Any CPU.Build.0 = Debug|Any CPU
		{C64CDAED-C863-454D-BFA6-95685868D054}.Release|Any CPU.ActiveCfg = Debug|Any CPU
		{C64CDAED-C863-454D-BFA6-95685868D054}.Release|Any CPU.Build.0 = Debug|Any CPU
		{C64CDAED-C863-454D-BFA6-95685868D054}.x64_Release|Any CPU.ActiveCfg = Debug|Any CPU
		{C64CDAED-C863-454D-BFA6-95685868D054}.x64_Release|Any CPU.Build.0 = Debug|Any CPU
		{CBE0C273-FB54-46E5-9A28-21C325A85D15}.Debug|Any CPU.ActiveCfg = Debug|Any CPU
		{CBE0C273-FB54-46E5-9A28-21C325A85D15}.Debug|Any CPU.Build.0 = Debug|Any CPU
		{CBE0C273-FB54-46E5-9A28-21C325A85D15}.Release|Any CPU.ActiveCfg = Debug|Any CPU
		{CBE0C273-FB54-46E5-9A28-21C325A85D15}.Release|Any CPU.Build.0 = Debug|Any CPU
		{CBE0C273-FB54-46E5-9A28-21C325A85D15}.x64_Release|Any CPU.ActiveCfg = Debug|Any CPU
		{CBE0C273-FB54-46E5-9A28-21C325A85D15}.x64_Release|Any CPU.Build.0 = Debug|Any CPU
		{FA1CBAF1-50D9-4AF8-A4F4-B2101DB9C878}.Debug|Any CPU.ActiveCfg = Debug|Any CPU
		{FA1CBAF1-50D9-4AF8-A4F4-B2101DB9C878}.Debug|Any CPU.Build.0 = Debug|Any CPU
		{FA1CBAF1-50D9-4AF8-A4F4-B2101DB9C878}.Release|Any CPU.ActiveCfg = Debug|Any CPU
		{FA1CBAF1-50D9-4AF8-A4F4-B2101DB9C878}.Release|Any CPU.Build.0 = Debug|Any CPU
		{FA1CBAF1-50D9-4AF8-A4F4-B2101DB9C878}.x64_Release|Any CPU.ActiveCfg = Debug|Any CPU
		{FA1CBAF1-50D9-4AF8-A4F4-B2101DB9C878}.x64_Release|Any CPU.Build.0 = Debug|Any CPU
		{BEAA546E-6C3D-47F4-85D9-6BB598B5D8B8}.Debug|Any CPU.ActiveCfg = Debug|Any CPU
		{BEAA546E-6C3D-47F4-85D9-6BB598B5D8B8}.Debug|Any CPU.Build.0 = Debug|Any CPU
		{BEAA546E-6C3D-47F4-85D9-6BB598B5D8B8}.Release|Any CPU.ActiveCfg = Debug|Any CPU
		{BEAA546E-6C3D-47F4-85D9-6BB598B5D8B8}.Release|Any CPU.Build.0 = Debug|Any CPU
		{BEAA546E-6C3D-47F4-85D9-6BB598B5D8B8}.x64_Release|Any CPU.ActiveCfg = Debug|Any CPU
		{BEAA546E-6C3D-47F4-85D9-6BB598B5D8B8}.x64_Release|Any CPU.Build.0 = Debug|Any CPU
		{AA92D188-646F-47FE-8FFF-BD0B9CA720A0}.Debug|Any CPU.ActiveCfg = Debug|Any CPU
		{AA92D188-646F-47FE-8FFF-BD0B9CA720A0}.Debug|Any CPU.Build.0 = Debug|Any CPU
		{AA92D188-646F-47FE-8FFF-BD0B9CA720A0}.Release|Any CPU.ActiveCfg = Debug|Any CPU
		{AA92D188-646F-47FE-8FFF-BD0B9CA720A0}.Release|Any CPU.Build.0 = Debug|Any CPU
		{AA92D188-646F-47FE-8FFF-BD0B9CA720A0}.x64_Release|Any CPU.ActiveCfg = Debug|Any CPU
		{AA92D188-646F-47FE-8FFF-BD0B9CA720A0}.x64_Release|Any CPU.Build.0 = Debug|Any CPU
		{E51E5CE2-7EBE-4E60-936E-DF5B63C63699}.Debug|Any CPU.ActiveCfg = Debug|Any CPU
		{E51E5CE2-7EBE-4E60-936E-DF5B63C63699}.Debug|Any CPU.Build.0 = Debug|Any CPU
		{E51E5CE2-7EBE-4E60-936E-DF5B63C63699}.Release|Any CPU.ActiveCfg = Debug|Any CPU
		{E51E5CE2-7EBE-4E60-936E-DF5B63C63699}.Release|Any CPU.Build.0 = Debug|Any CPU
		{E51E5CE2-7EBE-4E60-936E-DF5B63C63699}.x64_Release|Any CPU.ActiveCfg = Debug|Any CPU
		{E51E5CE2-7EBE-4E60-936E-DF5B63C63699}.x64_Release|Any CPU.Build.0 = Debug|Any CPU
		{74A5112F-9638-4AD0-973D-60E558ECB93A}.Debug|Any CPU.ActiveCfg = Debug|Any CPU
		{74A5112F-9638-4AD0-973D-60E558ECB93A}.Debug|Any CPU.Build.0 = Debug|Any CPU
		{74A5112F-9638-4AD0-973D-60E558ECB93A}.Release|Any CPU.ActiveCfg = Debug|Any CPU
		{74A5112F-9638-4AD0-973D-60E558ECB93A}.Release|Any CPU.Build.0 = Debug|Any CPU
		{74A5112F-9638-4AD0-973D-60E558ECB93A}.x64_Release|Any CPU.ActiveCfg = Debug|Any CPU
		{74A5112F-9638-4AD0-973D-60E558ECB93A}.x64_Release|Any CPU.Build.0 = Debug|Any CPU
		{1561DE7A-8ED5-4BB0-9951-E7D807581C72}.Debug|Any CPU.ActiveCfg = Debug|Any CPU
		{1561DE7A-8ED5-4BB0-9951-E7D807581C72}.Debug|Any CPU.Build.0 = Debug|Any CPU
		{1561DE7A-8ED5-4BB0-9951-E7D807581C72}.Release|Any CPU.ActiveCfg = Debug|Any CPU
		{1561DE7A-8ED5-4BB0-9951-E7D807581C72}.Release|Any CPU.Build.0 = Debug|Any CPU
		{1561DE7A-8ED5-4BB0-9951-E7D807581C72}.x64_Release|Any CPU.ActiveCfg = Debug|Any CPU
		{1561DE7A-8ED5-4BB0-9951-E7D807581C72}.x64_Release|Any CPU.Build.0 = Debug|Any CPU
		{50484884-D642-4C02-90FE-CB6B41342DEB}.Debug|Any CPU.ActiveCfg = Debug|Any CPU
		{50484884-D642-4C02-90FE-CB6B41342DEB}.Debug|Any CPU.Build.0 = Debug|Any CPU
		{50484884-D642-4C02-90FE-CB6B41342DEB}.Release|Any CPU.ActiveCfg = Debug|Any CPU
		{50484884-D642-4C02-90FE-CB6B41342DEB}.Release|Any CPU.Build.0 = Debug|Any CPU
		{50484884-D642-4C02-90FE-CB6B41342DEB}.x64_Release|Any CPU.ActiveCfg = Debug|Any CPU
		{50484884-D642-4C02-90FE-CB6B41342DEB}.x64_Release|Any CPU.Build.0 = Debug|Any CPU
		{6E068DAE-2A49-497D-BD67-ADF92730156E}.Debug|Any CPU.ActiveCfg = Debug|Any CPU
		{6E068DAE-2A49-497D-BD67-ADF92730156E}.Debug|Any CPU.Build.0 = Debug|Any CPU
		{6E068DAE-2A49-497D-BD67-ADF92730156E}.Release|Any CPU.ActiveCfg = Debug|Any CPU
		{6E068DAE-2A49-497D-BD67-ADF92730156E}.Release|Any CPU.Build.0 = Debug|Any CPU
		{6E068DAE-2A49-497D-BD67-ADF92730156E}.x64_Release|Any CPU.ActiveCfg = Debug|Any CPU
		{6E068DAE-2A49-497D-BD67-ADF92730156E}.x64_Release|Any CPU.Build.0 = Debug|Any CPU
		{A799B0E7-6D05-46B4-B276-9B12F73596B7}.Debug|Any CPU.ActiveCfg = Debug|Any CPU
		{A799B0E7-6D05-46B4-B276-9B12F73596B7}.Debug|Any CPU.Build.0 = Debug|Any CPU
		{A799B0E7-6D05-46B4-B276-9B12F73596B7}.Release|Any CPU.ActiveCfg = Debug|Any CPU
		{A799B0E7-6D05-46B4-B276-9B12F73596B7}.Release|Any CPU.Build.0 = Debug|Any CPU
		{A799B0E7-6D05-46B4-B276-9B12F73596B7}.x64_Release|Any CPU.ActiveCfg = Debug|Any CPU
		{A799B0E7-6D05-46B4-B276-9B12F73596B7}.x64_Release|Any CPU.Build.0 = Debug|Any CPU
		{20228080-72CF-4BAD-B3CC-7DB267643175}.Debug|Any CPU.ActiveCfg = Debug|Any CPU
		{20228080-72CF-4BAD-B3CC-7DB267643175}.Debug|Any CPU.Build.0 = Debug|Any CPU
		{20228080-72CF-4BAD-B3CC-7DB267643175}.Release|Any CPU.ActiveCfg = Debug|Any CPU
		{20228080-72CF-4BAD-B3CC-7DB267643175}.Release|Any CPU.Build.0 = Debug|Any CPU
		{20228080-72CF-4BAD-B3CC-7DB267643175}.x64_Release|Any CPU.ActiveCfg = Debug|Any CPU
		{20228080-72CF-4BAD-B3CC-7DB267643175}.x64_Release|Any CPU.Build.0 = Debug|Any CPU
		{B45A4B28-CD7E-4B09-9B33-D447A63626E7}.Debug|Any CPU.ActiveCfg = Debug|Any CPU
		{B45A4B28-CD7E-4B09-9B33-D447A63626E7}.Debug|Any CPU.Build.0 = Debug|Any CPU
		{B45A4B28-CD7E-4B09-9B33-D447A63626E7}.Release|Any CPU.ActiveCfg = Debug|Any CPU
		{B45A4B28-CD7E-4B09-9B33-D447A63626E7}.Release|Any CPU.Build.0 = Debug|Any CPU
		{B45A4B28-CD7E-4B09-9B33-D447A63626E7}.x64_Release|Any CPU.ActiveCfg = Debug|Any CPU
		{B45A4B28-CD7E-4B09-9B33-D447A63626E7}.x64_Release|Any CPU.Build.0 = Debug|Any CPU
		{A3D7936C-ACD5-458D-B1A4-96CEE18DC175}.Debug|Any CPU.ActiveCfg = Debug|Any CPU
		{A3D7936C-ACD5-458D-B1A4-96CEE18DC175}.Debug|Any CPU.Build.0 = Debug|Any CPU
		{A3D7936C-ACD5-458D-B1A4-96CEE18DC175}.Release|Any CPU.ActiveCfg = Release|Any CPU
		{A3D7936C-ACD5-458D-B1A4-96CEE18DC175}.Release|Any CPU.Build.0 = Release|Any CPU
		{A3D7936C-ACD5-458D-B1A4-96CEE18DC175}.x64_Release|Any CPU.ActiveCfg = Release|Any CPU
		{A3D7936C-ACD5-458D-B1A4-96CEE18DC175}.x64_Release|Any CPU.Build.0 = Release|Any CPU
		{D087A5BA-0E1B-44C2-A739-AD8153EDC8C4}.Debug|Any CPU.ActiveCfg = Debug|Any CPU
		{D087A5BA-0E1B-44C2-A739-AD8153EDC8C4}.Debug|Any CPU.Build.0 = Debug|Any CPU
		{D087A5BA-0E1B-44C2-A739-AD8153EDC8C4}.Release|Any CPU.ActiveCfg = x64_Release|Any CPU
		{D087A5BA-0E1B-44C2-A739-AD8153EDC8C4}.Release|Any CPU.Build.0 = x64_Release|Any CPU
		{D087A5BA-0E1B-44C2-A739-AD8153EDC8C4}.x64_Release|Any CPU.ActiveCfg = x64_Release|Any CPU
		{D087A5BA-0E1B-44C2-A739-AD8153EDC8C4}.x64_Release|Any CPU.Build.0 = x64_Release|Any CPU
		{C2628DB8-9D97-4655-B861-605A9E9FA6D7}.Debug|Any CPU.ActiveCfg = Debug|Any CPU
		{C2628DB8-9D97-4655-B861-605A9E9FA6D7}.Debug|Any CPU.Build.0 = Debug|Any CPU
		{C2628DB8-9D97-4655-B861-605A9E9FA6D7}.Release|Any CPU.ActiveCfg = Release|Any CPU
		{C2628DB8-9D97-4655-B861-605A9E9FA6D7}.Release|Any CPU.Build.0 = Release|Any CPU
		{C2628DB8-9D97-4655-B861-605A9E9FA6D7}.x64_Release|Any CPU.ActiveCfg = Release|Any CPU
		{C2628DB8-9D97-4655-B861-605A9E9FA6D7}.x64_Release|Any CPU.Build.0 = Release|Any CPU
		{69B3B221-7989-4E14-B6B1-5B5FB7286A85}.Debug|Any CPU.ActiveCfg = Debug|Any CPU
		{69B3B221-7989-4E14-B6B1-5B5FB7286A85}.Debug|Any CPU.Build.0 = Debug|Any CPU
		{69B3B221-7989-4E14-B6B1-5B5FB7286A85}.Release|Any CPU.ActiveCfg = Release|Any CPU
		{69B3B221-7989-4E14-B6B1-5B5FB7286A85}.Release|Any CPU.Build.0 = Release|Any CPU
		{69B3B221-7989-4E14-B6B1-5B5FB7286A85}.x64_Release|Any CPU.ActiveCfg = Release|Any CPU
		{69B3B221-7989-4E14-B6B1-5B5FB7286A85}.x64_Release|Any CPU.Build.0 = Release|Any CPU
		{C0DC5DE4-57E1-4417-A149-D5FFCA08EFD8}.Debug|Any CPU.ActiveCfg = Debug|Any CPU
		{C0DC5DE4-57E1-4417-A149-D5FFCA08EFD8}.Debug|Any CPU.Build.0 = Debug|Any CPU
		{C0DC5DE4-57E1-4417-A149-D5FFCA08EFD8}.Release|Any CPU.ActiveCfg = Release|Any CPU
		{C0DC5DE4-57E1-4417-A149-D5FFCA08EFD8}.Release|Any CPU.Build.0 = Release|Any CPU
		{C0DC5DE4-57E1-4417-A149-D5FFCA08EFD8}.x64_Release|Any CPU.ActiveCfg = Release|Any CPU
		{C0DC5DE4-57E1-4417-A149-D5FFCA08EFD8}.x64_Release|Any CPU.Build.0 = Release|Any CPU
		{19BD7555-AA72-4D43-AB7A-88B2165F0508}.Debug|Any CPU.ActiveCfg = Debug|Any CPU
		{19BD7555-AA72-4D43-AB7A-88B2165F0508}.Debug|Any CPU.Build.0 = Debug|Any CPU
		{19BD7555-AA72-4D43-AB7A-88B2165F0508}.Release|Any CPU.ActiveCfg = Release|Any CPU
		{19BD7555-AA72-4D43-AB7A-88B2165F0508}.Release|Any CPU.Build.0 = Release|Any CPU
		{19BD7555-AA72-4D43-AB7A-88B2165F0508}.x64_Release|Any CPU.ActiveCfg = Release|Any CPU
		{19BD7555-AA72-4D43-AB7A-88B2165F0508}.x64_Release|Any CPU.Build.0 = Release|Any CPU
		{4305DDF6-3C8B-4FE6-8DE9-3E81C5D9126A}.Debug|Any CPU.ActiveCfg = Debug|Any CPU
		{4305DDF6-3C8B-4FE6-8DE9-3E81C5D9126A}.Debug|Any CPU.Build.0 = Debug|Any CPU
		{4305DDF6-3C8B-4FE6-8DE9-3E81C5D9126A}.Release|Any CPU.ActiveCfg = Debug|Any CPU
		{4305DDF6-3C8B-4FE6-8DE9-3E81C5D9126A}.Release|Any CPU.Build.0 = Debug|Any CPU
		{4305DDF6-3C8B-4FE6-8DE9-3E81C5D9126A}.x64_Release|Any CPU.ActiveCfg = Debug|Any CPU
		{4305DDF6-3C8B-4FE6-8DE9-3E81C5D9126A}.x64_Release|Any CPU.Build.0 = Debug|Any CPU
		{1F7A8313-912F-4C5B-B284-D46D8E2F50D2}.Debug|Any CPU.ActiveCfg = Debug|Any CPU
		{1F7A8313-912F-4C5B-B284-D46D8E2F50D2}.Debug|Any CPU.Build.0 = Debug|Any CPU
		{1F7A8313-912F-4C5B-B284-D46D8E2F50D2}.Release|Any CPU.ActiveCfg = Debug|Any CPU
		{1F7A8313-912F-4C5B-B284-D46D8E2F50D2}.Release|Any CPU.Build.0 = Debug|Any CPU
		{1F7A8313-912F-4C5B-B284-D46D8E2F50D2}.x64_Release|Any CPU.ActiveCfg = Debug|Any CPU
		{1F7A8313-912F-4C5B-B284-D46D8E2F50D2}.x64_Release|Any CPU.Build.0 = Debug|Any CPU
		{80982B6F-EBBC-4DD5-BCEE-C3BFB6F6D498}.Debug|Any CPU.ActiveCfg = Debug|Any CPU
		{80982B6F-EBBC-4DD5-BCEE-C3BFB6F6D498}.Debug|Any CPU.Build.0 = Debug|Any CPU
		{80982B6F-EBBC-4DD5-BCEE-C3BFB6F6D498}.Release|Any CPU.ActiveCfg = Debug|Any CPU
		{80982B6F-EBBC-4DD5-BCEE-C3BFB6F6D498}.Release|Any CPU.Build.0 = Debug|Any CPU
		{80982B6F-EBBC-4DD5-BCEE-C3BFB6F6D498}.x64_Release|Any CPU.ActiveCfg = Debug|Any CPU
		{80982B6F-EBBC-4DD5-BCEE-C3BFB6F6D498}.x64_Release|Any CPU.Build.0 = Debug|Any CPU
		{E4E9CABF-6C3D-49F3-B081-ABC557311695}.Debug|Any CPU.ActiveCfg = Debug|Any CPU
		{E4E9CABF-6C3D-49F3-B081-ABC557311695}.Debug|Any CPU.Build.0 = Debug|Any CPU
		{E4E9CABF-6C3D-49F3-B081-ABC557311695}.Release|Any CPU.ActiveCfg = Release|Any CPU
		{E4E9CABF-6C3D-49F3-B081-ABC557311695}.Release|Any CPU.Build.0 = Release|Any CPU
		{E4E9CABF-6C3D-49F3-B081-ABC557311695}.x64_Release|Any CPU.ActiveCfg = Release|Any CPU
		{E4E9CABF-6C3D-49F3-B081-ABC557311695}.x64_Release|Any CPU.Build.0 = Release|Any CPU
		{03504A7F-63C9-481E-8FC4-AF0EAF7FB912}.Debug|Any CPU.ActiveCfg = Debug|Any CPU
		{03504A7F-63C9-481E-8FC4-AF0EAF7FB912}.Debug|Any CPU.Build.0 = Debug|Any CPU
		{03504A7F-63C9-481E-8FC4-AF0EAF7FB912}.Release|Any CPU.ActiveCfg = Debug|Any CPU
		{03504A7F-63C9-481E-8FC4-AF0EAF7FB912}.Release|Any CPU.Build.0 = Debug|Any CPU
		{03504A7F-63C9-481E-8FC4-AF0EAF7FB912}.x64_Release|Any CPU.ActiveCfg = Debug|Any CPU
		{03504A7F-63C9-481E-8FC4-AF0EAF7FB912}.x64_Release|Any CPU.Build.0 = Debug|Any CPU
		{7C182E2C-BDA8-46EC-9DC8-8B25E1DA6861}.Debug|Any CPU.ActiveCfg = Debug|Any CPU
		{7C182E2C-BDA8-46EC-9DC8-8B25E1DA6861}.Debug|Any CPU.Build.0 = Debug|Any CPU
		{7C182E2C-BDA8-46EC-9DC8-8B25E1DA6861}.Release|Any CPU.ActiveCfg = Debug|Any CPU
		{7C182E2C-BDA8-46EC-9DC8-8B25E1DA6861}.Release|Any CPU.Build.0 = Debug|Any CPU
		{7C182E2C-BDA8-46EC-9DC8-8B25E1DA6861}.x64_Release|Any CPU.ActiveCfg = Debug|Any CPU
		{7C182E2C-BDA8-46EC-9DC8-8B25E1DA6861}.x64_Release|Any CPU.Build.0 = Debug|Any CPU
		{49562BD8-E15A-4893-842D-E3865D87F94D}.Debug|Any CPU.ActiveCfg = Debug|Any CPU
		{49562BD8-E15A-4893-842D-E3865D87F94D}.Debug|Any CPU.Build.0 = Debug|Any CPU
		{49562BD8-E15A-4893-842D-E3865D87F94D}.Release|Any CPU.ActiveCfg = Debug|Any CPU
		{49562BD8-E15A-4893-842D-E3865D87F94D}.Release|Any CPU.Build.0 = Debug|Any CPU
		{49562BD8-E15A-4893-842D-E3865D87F94D}.x64_Release|Any CPU.ActiveCfg = Debug|Any CPU
		{49562BD8-E15A-4893-842D-E3865D87F94D}.x64_Release|Any CPU.Build.0 = Debug|Any CPU
		{A12D2EDA-C1BA-4D4E-8E7D-38F8048BC161}.Debug|Any CPU.ActiveCfg = Debug|Any CPU
		{A12D2EDA-C1BA-4D4E-8E7D-38F8048BC161}.Debug|Any CPU.Build.0 = Debug|Any CPU
		{A12D2EDA-C1BA-4D4E-8E7D-38F8048BC161}.Release|Any CPU.ActiveCfg = Debug|Any CPU
		{A12D2EDA-C1BA-4D4E-8E7D-38F8048BC161}.Release|Any CPU.Build.0 = Debug|Any CPU
		{A12D2EDA-C1BA-4D4E-8E7D-38F8048BC161}.x64_Release|Any CPU.ActiveCfg = Debug|Any CPU
		{A12D2EDA-C1BA-4D4E-8E7D-38F8048BC161}.x64_Release|Any CPU.Build.0 = Debug|Any CPU
		{E706F847-F7ED-41FA-9E18-042A738D5DFA}.Debug|Any CPU.ActiveCfg = Debug|Any CPU
		{E706F847-F7ED-41FA-9E18-042A738D5DFA}.Debug|Any CPU.Build.0 = Debug|Any CPU
		{E706F847-F7ED-41FA-9E18-042A738D5DFA}.Release|Any CPU.ActiveCfg = Debug|Any CPU
		{E706F847-F7ED-41FA-9E18-042A738D5DFA}.Release|Any CPU.Build.0 = Debug|Any CPU
		{E706F847-F7ED-41FA-9E18-042A738D5DFA}.x64_Release|Any CPU.ActiveCfg = Debug|Any CPU
		{E706F847-F7ED-41FA-9E18-042A738D5DFA}.x64_Release|Any CPU.Build.0 = Debug|Any CPU
		{F700EBEE-B744-4A60-807D-22DCE582C8A4}.Debug|Any CPU.ActiveCfg = Debug|Any CPU
		{F700EBEE-B744-4A60-807D-22DCE582C8A4}.Debug|Any CPU.Build.0 = Debug|Any CPU
		{F700EBEE-B744-4A60-807D-22DCE582C8A4}.Release|Any CPU.ActiveCfg = Debug|Any CPU
		{F700EBEE-B744-4A60-807D-22DCE582C8A4}.Release|Any CPU.Build.0 = Debug|Any CPU
		{F700EBEE-B744-4A60-807D-22DCE582C8A4}.x64_Release|Any CPU.ActiveCfg = Debug|Any CPU
		{F700EBEE-B744-4A60-807D-22DCE582C8A4}.x64_Release|Any CPU.Build.0 = Debug|Any CPU
		{B389B0F4-C788-436E-A108-D01F38FCB3ED}.Debug|Any CPU.ActiveCfg = Debug|Any CPU
		{B389B0F4-C788-436E-A108-D01F38FCB3ED}.Debug|Any CPU.Build.0 = Debug|Any CPU
		{B389B0F4-C788-436E-A108-D01F38FCB3ED}.Release|Any CPU.ActiveCfg = Release|Any CPU
		{B389B0F4-C788-436E-A108-D01F38FCB3ED}.Release|Any CPU.Build.0 = Release|Any CPU
		{B389B0F4-C788-436E-A108-D01F38FCB3ED}.x64_Release|Any CPU.ActiveCfg = x64_Release|Any CPU
		{B389B0F4-C788-436E-A108-D01F38FCB3ED}.x64_Release|Any CPU.Build.0 = x64_Release|Any CPU
		{905DEFFB-6DBC-4CF0-BED9-BB96AEA0193F}.Debug|Any CPU.ActiveCfg = Debug|Any CPU
		{905DEFFB-6DBC-4CF0-BED9-BB96AEA0193F}.Debug|Any CPU.Build.0 = Debug|Any CPU
		{905DEFFB-6DBC-4CF0-BED9-BB96AEA0193F}.Release|Any CPU.ActiveCfg = Release|Any CPU
		{905DEFFB-6DBC-4CF0-BED9-BB96AEA0193F}.Release|Any CPU.Build.0 = Release|Any CPU
		{905DEFFB-6DBC-4CF0-BED9-BB96AEA0193F}.x64_Release|Any CPU.ActiveCfg = x64_Release|Any CPU
		{905DEFFB-6DBC-4CF0-BED9-BB96AEA0193F}.x64_Release|Any CPU.Build.0 = x64_Release|Any CPU
		{2DC7FD7B-2497-480B-A927-17F4846E5C74}.Debug|Any CPU.ActiveCfg = Debug|Any CPU
		{2DC7FD7B-2497-480B-A927-17F4846E5C74}.Debug|Any CPU.Build.0 = Debug|Any CPU
		{2DC7FD7B-2497-480B-A927-17F4846E5C74}.Release|Any CPU.ActiveCfg = Release|Any CPU
		{2DC7FD7B-2497-480B-A927-17F4846E5C74}.Release|Any CPU.Build.0 = Release|Any CPU
		{2DC7FD7B-2497-480B-A927-17F4846E5C74}.x64_Release|Any CPU.ActiveCfg = x64_Release|Any CPU
		{2DC7FD7B-2497-480B-A927-17F4846E5C74}.x64_Release|Any CPU.Build.0 = x64_Release|Any CPU
		{05019B1D-58B3-44A4-8EF4-50A3FE740746}.Debug|Any CPU.ActiveCfg = Debug|Any CPU
		{05019B1D-58B3-44A4-8EF4-50A3FE740746}.Debug|Any CPU.Build.0 = Debug|Any CPU
		{05019B1D-58B3-44A4-8EF4-50A3FE740746}.Release|Any CPU.ActiveCfg = Release|Any CPU
		{05019B1D-58B3-44A4-8EF4-50A3FE740746}.Release|Any CPU.Build.0 = Release|Any CPU
		{05019B1D-58B3-44A4-8EF4-50A3FE740746}.x64_Release|Any CPU.ActiveCfg = x64_Release|Any CPU
		{05019B1D-58B3-44A4-8EF4-50A3FE740746}.x64_Release|Any CPU.Build.0 = x64_Release|Any CPU
		{FD0101F4-1D22-434C-8025-42CAC8176C75}.Debug|Any CPU.ActiveCfg = Debug|Any CPU
		{FD0101F4-1D22-434C-8025-42CAC8176C75}.Debug|Any CPU.Build.0 = Debug|Any CPU
		{FD0101F4-1D22-434C-8025-42CAC8176C75}.Release|Any CPU.ActiveCfg = Release|Any CPU
		{FD0101F4-1D22-434C-8025-42CAC8176C75}.Release|Any CPU.Build.0 = Release|Any CPU
		{FD0101F4-1D22-434C-8025-42CAC8176C75}.x64_Release|Any CPU.ActiveCfg = x64_Release|Any CPU
		{FD0101F4-1D22-434C-8025-42CAC8176C75}.x64_Release|Any CPU.Build.0 = x64_Release|Any CPU
		{CE4FF4BF-1C21-440A-BD39-25B809803E71}.Debug|Any CPU.ActiveCfg = Debug|Any CPU
		{CE4FF4BF-1C21-440A-BD39-25B809803E71}.Debug|Any CPU.Build.0 = Debug|Any CPU
		{CE4FF4BF-1C21-440A-BD39-25B809803E71}.Release|Any CPU.ActiveCfg = Release|Any CPU
		{CE4FF4BF-1C21-440A-BD39-25B809803E71}.Release|Any CPU.Build.0 = Release|Any CPU
		{CE4FF4BF-1C21-440A-BD39-25B809803E71}.x64_Release|Any CPU.ActiveCfg = x64_Release|Any CPU
		{CE4FF4BF-1C21-440A-BD39-25B809803E71}.x64_Release|Any CPU.Build.0 = x64_Release|Any CPU
		{DBDBFEF3-A51C-4423-B2D6-AA9D014BDB9E}.Debug|Any CPU.ActiveCfg = Debug|Any CPU
		{DBDBFEF3-A51C-4423-B2D6-AA9D014BDB9E}.Debug|Any CPU.Build.0 = Debug|Any CPU
		{DBDBFEF3-A51C-4423-B2D6-AA9D014BDB9E}.Release|Any CPU.ActiveCfg = Release|Any CPU
		{DBDBFEF3-A51C-4423-B2D6-AA9D014BDB9E}.Release|Any CPU.Build.0 = Release|Any CPU
		{DBDBFEF3-A51C-4423-B2D6-AA9D014BDB9E}.x64_Release|Any CPU.ActiveCfg = Release|Any CPU
		{DBDBFEF3-A51C-4423-B2D6-AA9D014BDB9E}.x64_Release|Any CPU.Build.0 = Release|Any CPU
		{818BD18E-F1FE-45E3-96D4-984E76FEC84D}.Debug|Any CPU.ActiveCfg = Debug|Any CPU
		{818BD18E-F1FE-45E3-96D4-984E76FEC84D}.Debug|Any CPU.Build.0 = Debug|Any CPU
		{818BD18E-F1FE-45E3-96D4-984E76FEC84D}.Release|Any CPU.ActiveCfg = Release|Any CPU
		{818BD18E-F1FE-45E3-96D4-984E76FEC84D}.Release|Any CPU.Build.0 = Release|Any CPU
		{818BD18E-F1FE-45E3-96D4-984E76FEC84D}.x64_Release|Any CPU.ActiveCfg = x64_Release|Any CPU
		{818BD18E-F1FE-45E3-96D4-984E76FEC84D}.x64_Release|Any CPU.Build.0 = x64_Release|Any CPU
		{955CC3DC-0212-44A0-BDBF-72E3ED0EE286}.Debug|Any CPU.ActiveCfg = Debug|Any CPU
		{955CC3DC-0212-44A0-BDBF-72E3ED0EE286}.Debug|Any CPU.Build.0 = Debug|Any CPU
		{955CC3DC-0212-44A0-BDBF-72E3ED0EE286}.Release|Any CPU.ActiveCfg = Release|Any CPU
		{955CC3DC-0212-44A0-BDBF-72E3ED0EE286}.Release|Any CPU.Build.0 = Release|Any CPU
		{955CC3DC-0212-44A0-BDBF-72E3ED0EE286}.x64_Release|Any CPU.ActiveCfg = Release|Any CPU
		{955CC3DC-0212-44A0-BDBF-72E3ED0EE286}.x64_Release|Any CPU.Build.0 = Release|Any CPU
		{945C2E90-19B2-4629-828D-A5BB6D3215E2}.Debug|Any CPU.ActiveCfg = Debug|Any CPU
		{945C2E90-19B2-4629-828D-A5BB6D3215E2}.Debug|Any CPU.Build.0 = Debug|Any CPU
		{945C2E90-19B2-4629-828D-A5BB6D3215E2}.Release|Any CPU.ActiveCfg = Release|Any CPU
		{945C2E90-19B2-4629-828D-A5BB6D3215E2}.Release|Any CPU.Build.0 = Release|Any CPU
		{945C2E90-19B2-4629-828D-A5BB6D3215E2}.x64_Release|Any CPU.ActiveCfg = Release|Any CPU
		{945C2E90-19B2-4629-828D-A5BB6D3215E2}.x64_Release|Any CPU.Build.0 = Release|Any CPU
		{FA14B24B-144D-43C1-A44E-8B7B5E849C55}.Debug|Any CPU.ActiveCfg = Debug|Any CPU
		{FA14B24B-144D-43C1-A44E-8B7B5E849C55}.Debug|Any CPU.Build.0 = Debug|Any CPU
		{FA14B24B-144D-43C1-A44E-8B7B5E849C55}.Release|Any CPU.ActiveCfg = Release|Any CPU
		{FA14B24B-144D-43C1-A44E-8B7B5E849C55}.Release|Any CPU.Build.0 = Release|Any CPU
		{FA14B24B-144D-43C1-A44E-8B7B5E849C55}.x64_Release|Any CPU.ActiveCfg = x64_Release|Any CPU
		{FA14B24B-144D-43C1-A44E-8B7B5E849C55}.x64_Release|Any CPU.Build.0 = x64_Release|Any CPU
		{2122A2D0-6CB5-42C0-91DD-B5F627FC5E82}.Debug|Any CPU.ActiveCfg = Debug|Any CPU
		{2122A2D0-6CB5-42C0-91DD-B5F627FC5E82}.Debug|Any CPU.Build.0 = Debug|Any CPU
		{2122A2D0-6CB5-42C0-91DD-B5F627FC5E82}.Release|Any CPU.ActiveCfg = Release|Any CPU
		{2122A2D0-6CB5-42C0-91DD-B5F627FC5E82}.Release|Any CPU.Build.0 = Release|Any CPU
		{2122A2D0-6CB5-42C0-91DD-B5F627FC5E82}.x64_Release|Any CPU.ActiveCfg = Release|Any CPU
		{2122A2D0-6CB5-42C0-91DD-B5F627FC5E82}.x64_Release|Any CPU.Build.0 = Release|Any CPU
		{B2968620-3159-4978-952F-6F138F97A89A}.Debug|Any CPU.ActiveCfg = Debug|Any CPU
		{B2968620-3159-4978-952F-6F138F97A89A}.Debug|Any CPU.Build.0 = Debug|Any CPU
		{B2968620-3159-4978-952F-6F138F97A89A}.Release|Any CPU.ActiveCfg = Release|Any CPU
		{B2968620-3159-4978-952F-6F138F97A89A}.Release|Any CPU.Build.0 = Release|Any CPU
		{B2968620-3159-4978-952F-6F138F97A89A}.x64_Release|Any CPU.ActiveCfg = Release|Any CPU
		{B2968620-3159-4978-952F-6F138F97A89A}.x64_Release|Any CPU.Build.0 = Release|Any CPU
		{FF0EE03E-0A02-40F1-8064-D055EF41F949}.Debug|Any CPU.ActiveCfg = Debug|Any CPU
		{FF0EE03E-0A02-40F1-8064-D055EF41F949}.Debug|Any CPU.Build.0 = Debug|Any CPU
		{FF0EE03E-0A02-40F1-8064-D055EF41F949}.Release|Any CPU.ActiveCfg = Release|Any CPU
		{FF0EE03E-0A02-40F1-8064-D055EF41F949}.Release|Any CPU.Build.0 = Release|Any CPU
		{FF0EE03E-0A02-40F1-8064-D055EF41F949}.x64_Release|Any CPU.ActiveCfg = x64_Release|Any CPU
		{FF0EE03E-0A02-40F1-8064-D055EF41F949}.x64_Release|Any CPU.Build.0 = x64_Release|Any CPU
		{35D3D13E-6AC5-4632-80B3-985FA37E5AAE}.Debug|Any CPU.ActiveCfg = Debug|Any CPU
		{35D3D13E-6AC5-4632-80B3-985FA37E5AAE}.Debug|Any CPU.Build.0 = Debug|Any CPU
		{35D3D13E-6AC5-4632-80B3-985FA37E5AAE}.Release|Any CPU.ActiveCfg = Release|Any CPU
		{35D3D13E-6AC5-4632-80B3-985FA37E5AAE}.Release|Any CPU.Build.0 = Release|Any CPU
		{35D3D13E-6AC5-4632-80B3-985FA37E5AAE}.x64_Release|Any CPU.ActiveCfg = Release|Any CPU
		{35D3D13E-6AC5-4632-80B3-985FA37E5AAE}.x64_Release|Any CPU.Build.0 = Release|Any CPU
		{667CDE0B-0AE3-4DF5-9D81-D91EF0BDCEDA}.Debug|Any CPU.ActiveCfg = Debug|Any CPU
		{667CDE0B-0AE3-4DF5-9D81-D91EF0BDCEDA}.Debug|Any CPU.Build.0 = Debug|Any CPU
		{667CDE0B-0AE3-4DF5-9D81-D91EF0BDCEDA}.Release|Any CPU.ActiveCfg = Release|Any CPU
		{667CDE0B-0AE3-4DF5-9D81-D91EF0BDCEDA}.Release|Any CPU.Build.0 = Release|Any CPU
		{667CDE0B-0AE3-4DF5-9D81-D91EF0BDCEDA}.x64_Release|Any CPU.ActiveCfg = x64_Release|Any CPU
		{667CDE0B-0AE3-4DF5-9D81-D91EF0BDCEDA}.x64_Release|Any CPU.Build.0 = x64_Release|Any CPU
		{E923E5F2-0F50-432B-A463-EA36EFEA3B8A}.Debug|Any CPU.ActiveCfg = Debug|Any CPU
		{E923E5F2-0F50-432B-A463-EA36EFEA3B8A}.Debug|Any CPU.Build.0 = Debug|Any CPU
		{E923E5F2-0F50-432B-A463-EA36EFEA3B8A}.Release|Any CPU.ActiveCfg = Release|Any CPU
		{E923E5F2-0F50-432B-A463-EA36EFEA3B8A}.Release|Any CPU.Build.0 = Release|Any CPU
		{E923E5F2-0F50-432B-A463-EA36EFEA3B8A}.x64_Release|Any CPU.ActiveCfg = Release|Any CPU
		{E923E5F2-0F50-432B-A463-EA36EFEA3B8A}.x64_Release|Any CPU.Build.0 = Release|Any CPU
		{6E191592-ACC7-4444-A7E3-88258C8709FE}.Debug|Any CPU.ActiveCfg = Debug|Any CPU
		{6E191592-ACC7-4444-A7E3-88258C8709FE}.Debug|Any CPU.Build.0 = Debug|Any CPU
		{6E191592-ACC7-4444-A7E3-88258C8709FE}.Release|Any CPU.ActiveCfg = Release|Any CPU
		{6E191592-ACC7-4444-A7E3-88258C8709FE}.Release|Any CPU.Build.0 = Release|Any CPU
		{6E191592-ACC7-4444-A7E3-88258C8709FE}.x64_Release|Any CPU.ActiveCfg = x64_Release|Any CPU
		{6E191592-ACC7-4444-A7E3-88258C8709FE}.x64_Release|Any CPU.Build.0 = x64_Release|Any CPU
		{664025B0-6DD0-4F1A-979A-B87746698F84}.Debug|Any CPU.ActiveCfg = Debug|Any CPU
		{664025B0-6DD0-4F1A-979A-B87746698F84}.Debug|Any CPU.Build.0 = Debug|Any CPU
		{664025B0-6DD0-4F1A-979A-B87746698F84}.Release|Any CPU.ActiveCfg = Release|Any CPU
		{664025B0-6DD0-4F1A-979A-B87746698F84}.Release|Any CPU.Build.0 = Release|Any CPU
		{664025B0-6DD0-4F1A-979A-B87746698F84}.x64_Release|Any CPU.ActiveCfg = Release|Any CPU
		{664025B0-6DD0-4F1A-979A-B87746698F84}.x64_Release|Any CPU.Build.0 = Release|Any CPU
		{B1B5FEAE-53F4-47C5-80D6-7D9BEBF32F84}.Debug|Any CPU.ActiveCfg = Debug|Any CPU
		{B1B5FEAE-53F4-47C5-80D6-7D9BEBF32F84}.Debug|Any CPU.Build.0 = Debug|Any CPU
		{B1B5FEAE-53F4-47C5-80D6-7D9BEBF32F84}.Release|Any CPU.ActiveCfg = Release|Any CPU
		{B1B5FEAE-53F4-47C5-80D6-7D9BEBF32F84}.Release|Any CPU.Build.0 = Release|Any CPU
		{B1B5FEAE-53F4-47C5-80D6-7D9BEBF32F84}.x64_Release|Any CPU.ActiveCfg = Release|Any CPU
		{B1B5FEAE-53F4-47C5-80D6-7D9BEBF32F84}.x64_Release|Any CPU.Build.0 = Release|Any CPU
		{D07D22EA-BDB9-42C6-9996-D64CC9C1CC0B}.Debug|Any CPU.ActiveCfg = Debug|Any CPU
		{D07D22EA-BDB9-42C6-9996-D64CC9C1CC0B}.Debug|Any CPU.Build.0 = Debug|Any CPU
		{D07D22EA-BDB9-42C6-9996-D64CC9C1CC0B}.Release|Any CPU.ActiveCfg = Release|Any CPU
		{D07D22EA-BDB9-42C6-9996-D64CC9C1CC0B}.Release|Any CPU.Build.0 = Release|Any CPU
		{D07D22EA-BDB9-42C6-9996-D64CC9C1CC0B}.x64_Release|Any CPU.ActiveCfg = Release|Any CPU
		{D07D22EA-BDB9-42C6-9996-D64CC9C1CC0B}.x64_Release|Any CPU.Build.0 = Release|Any CPU
	EndGlobalSection
	GlobalSection(SolutionProperties) = preSolution
		HideSolutionNode = FALSE
	EndGlobalSection
	GlobalSection(NestedProjects) = preSolution
		{FE980F3F-30CB-44D6-BCE4-462C12038440} = {8CABC93E-D687-4643-A0A3-1656F94270D2}
		{C64CDAED-C863-454D-BFA6-95685868D054} = {8CABC93E-D687-4643-A0A3-1656F94270D2}
		{CBE0C273-FB54-46E5-9A28-21C325A85D15} = {8CABC93E-D687-4643-A0A3-1656F94270D2}
		{FA1CBAF1-50D9-4AF8-A4F4-B2101DB9C878} = {8CABC93E-D687-4643-A0A3-1656F94270D2}
		{BEAA546E-6C3D-47F4-85D9-6BB598B5D8B8} = {8CABC93E-D687-4643-A0A3-1656F94270D2}
		{AA92D188-646F-47FE-8FFF-BD0B9CA720A0} = {8CABC93E-D687-4643-A0A3-1656F94270D2}
		{E51E5CE2-7EBE-4E60-936E-DF5B63C63699} = {8CABC93E-D687-4643-A0A3-1656F94270D2}
		{74A5112F-9638-4AD0-973D-60E558ECB93A} = {8CABC93E-D687-4643-A0A3-1656F94270D2}
		{1561DE7A-8ED5-4BB0-9951-E7D807581C72} = {8CABC93E-D687-4643-A0A3-1656F94270D2}
		{50484884-D642-4C02-90FE-CB6B41342DEB} = {8CABC93E-D687-4643-A0A3-1656F94270D2}
		{6E068DAE-2A49-497D-BD67-ADF92730156E} = {8CABC93E-D687-4643-A0A3-1656F94270D2}
		{A799B0E7-6D05-46B4-B276-9B12F73596B7} = {8CABC93E-D687-4643-A0A3-1656F94270D2}
		{20228080-72CF-4BAD-B3CC-7DB267643175} = {8CABC93E-D687-4643-A0A3-1656F94270D2}
		{B45A4B28-CD7E-4B09-9B33-D447A63626E7} = {8CABC93E-D687-4643-A0A3-1656F94270D2}
		{A3D7936C-ACD5-458D-B1A4-96CEE18DC175} = {8CABC93E-D687-4643-A0A3-1656F94270D2}
		{D087A5BA-0E1B-44C2-A739-AD8153EDC8C4} = {8CABC93E-D687-4643-A0A3-1656F94270D2}
		{C2628DB8-9D97-4655-B861-605A9E9FA6D7} = {8CABC93E-D687-4643-A0A3-1656F94270D2}
		{69B3B221-7989-4E14-B6B1-5B5FB7286A85} = {8CABC93E-D687-4643-A0A3-1656F94270D2}
		{C0DC5DE4-57E1-4417-A149-D5FFCA08EFD8} = {8CABC93E-D687-4643-A0A3-1656F94270D2}
		{19BD7555-AA72-4D43-AB7A-88B2165F0508} = {8CABC93E-D687-4643-A0A3-1656F94270D2}
		{4305DDF6-3C8B-4FE6-8DE9-3E81C5D9126A} = {8CABC93E-D687-4643-A0A3-1656F94270D2}
		{1F7A8313-912F-4C5B-B284-D46D8E2F50D2} = {8CABC93E-D687-4643-A0A3-1656F94270D2}
		{80982B6F-EBBC-4DD5-BCEE-C3BFB6F6D498} = {8CABC93E-D687-4643-A0A3-1656F94270D2}
		{E4E9CABF-6C3D-49F3-B081-ABC557311695} = {8CABC93E-D687-4643-A0A3-1656F94270D2}
		{03504A7F-63C9-481E-8FC4-AF0EAF7FB912} = {8CABC93E-D687-4643-A0A3-1656F94270D2}
		{7C182E2C-BDA8-46EC-9DC8-8B25E1DA6861} = {8CABC93E-D687-4643-A0A3-1656F94270D2}
		{49562BD8-E15A-4893-842D-E3865D87F94D} = {8CABC93E-D687-4643-A0A3-1656F94270D2}
		{A12D2EDA-C1BA-4D4E-8E7D-38F8048BC161} = {8CABC93E-D687-4643-A0A3-1656F94270D2}
		{E706F847-F7ED-41FA-9E18-042A738D5DFA} = {8CABC93E-D687-4643-A0A3-1656F94270D2}
		{F700EBEE-B744-4A60-807D-22DCE582C8A4} = {8CABC93E-D687-4643-A0A3-1656F94270D2}
		{B389B0F4-C788-436E-A108-D01F38FCB3ED} = {8CABC93E-D687-4643-A0A3-1656F94270D2}
		{905DEFFB-6DBC-4CF0-BED9-BB96AEA0193F} = {8CABC93E-D687-4643-A0A3-1656F94270D2}
		{2DC7FD7B-2497-480B-A927-17F4846E5C74} = {8CABC93E-D687-4643-A0A3-1656F94270D2}
		{05019B1D-58B3-44A4-8EF4-50A3FE740746} = {8CABC93E-D687-4643-A0A3-1656F94270D2}
		{FD0101F4-1D22-434C-8025-42CAC8176C75} = {8CABC93E-D687-4643-A0A3-1656F94270D2}
		{CE4FF4BF-1C21-440A-BD39-25B809803E71} = {8CABC93E-D687-4643-A0A3-1656F94270D2}
		{DBDBFEF3-A51C-4423-B2D6-AA9D014BDB9E} = {8CABC93E-D687-4643-A0A3-1656F94270D2}
		{818BD18E-F1FE-45E3-96D4-984E76FEC84D} = {8CABC93E-D687-4643-A0A3-1656F94270D2}
		{955CC3DC-0212-44A0-BDBF-72E3ED0EE286} = {8CABC93E-D687-4643-A0A3-1656F94270D2}
		{945C2E90-19B2-4629-828D-A5BB6D3215E2} = {8CABC93E-D687-4643-A0A3-1656F94270D2}
		{FA14B24B-144D-43C1-A44E-8B7B5E849C55} = {8CABC93E-D687-4643-A0A3-1656F94270D2}
		{2122A2D0-6CB5-42C0-91DD-B5F627FC5E82} = {8CABC93E-D687-4643-A0A3-1656F94270D2}
		{B2968620-3159-4978-952F-6F138F97A89A} = {8CABC93E-D687-4643-A0A3-1656F94270D2}
		{FF0EE03E-0A02-40F1-8064-D055EF41F949} = {8CABC93E-D687-4643-A0A3-1656F94270D2}
		{35D3D13E-6AC5-4632-80B3-985FA37E5AAE} = {8CABC93E-D687-4643-A0A3-1656F94270D2}
		{667CDE0B-0AE3-4DF5-9D81-D91EF0BDCEDA} = {8CABC93E-D687-4643-A0A3-1656F94270D2}
		{E923E5F2-0F50-432B-A463-EA36EFEA3B8A} = {8CABC93E-D687-4643-A0A3-1656F94270D2}
		{6E191592-ACC7-4444-A7E3-88258C8709FE} = {8CABC93E-D687-4643-A0A3-1656F94270D2}
		{664025B0-6DD0-4F1A-979A-B87746698F84} = {8CABC93E-D687-4643-A0A3-1656F94270D2}
		{B1B5FEAE-53F4-47C5-80D6-7D9BEBF32F84} = {8CABC93E-D687-4643-A0A3-1656F94270D2}
		{D07D22EA-BDB9-42C6-9996-D64CC9C1CC0B} = {8CABC93E-D687-4643-A0A3-1656F94270D2}
	EndGlobalSection
	GlobalSection(ExtensibilityGlobals) = postSolution
		SolutionGuid = {4D5AF83B-EE70-4525-9C1D-0C572A54C1E2}
	EndGlobalSection
EndGlobal
